
Microsoft Visual Studio Solution File, Format Version 12.00
# Visual Studio 2012
Project("{FAE04EC0-301F-11D3-BF4B-00C04F79EFBC}") = "abc_medical_test_company_v2", "abc_medical_test_company_v2\abc_medical_test_company_v2.csproj", "{88AF7EA3-1579-49BC-A0C0-CF4610FF443D}"
EndProject
Global
	GlobalSection(SolutionConfigurationPlatforms) = preSolution
		Debug|Any CPU = Debug|Any CPU
		Release|Any CPU = Release|Any CPU
	EndGlobalSection
	GlobalSection(ProjectConfigurationPlatforms) = postSolution
		{88AF7EA3-1579-49BC-A0C0-CF4610FF443D}.Debug|Any CPU.ActiveCfg = Debug|Any CPU
		{88AF7EA3-1579-49BC-A0C0-CF4610FF443D}.Debug|Any CPU.Build.0 = Debug|Any CPU
		{88AF7EA3-1579-49BC-A0C0-CF4610FF443D}.Release|Any CPU.ActiveCfg = Release|Any CPU
		{88AF7EA3-1579-49BC-A0C0-CF4610FF443D}.Release|Any CPU.Build.0 = Release|Any CPU
	EndGlobalSection
	GlobalSection(SolutionProperties) = preSolution
		HideSolutionNode = FALSE
	EndGlobalSection
EndGlobal
